// !$*UTF8*$!
{
	archiveVersion = 1;
	classes = {
	};
	objectVersion = 46;
	objects = {

/* Begin PBXBuildFile section */
		57A030891B23B2D300283800 /* main.m in Sources */ = {isa = PBXBuildFile; fileRef = 57A030881B23B2D300283800 /* main.m */; };
		57A0308C1B23B2D300283800 /* AppDelegate.m in Sources */ = {isa = PBXBuildFile; fileRef = 57A0308B1B23B2D300283800 /* AppDelegate.m */; };
		57A0308F1B23B2D300283800 /* ViewController.m in Sources */ = {isa = PBXBuildFile; fileRef = 57A0308E1B23B2D300283800 /* ViewController.m */; };
		57A030921B23B2D300283800 /* Main.storyboard in Resources */ = {isa = PBXBuildFile; fileRef = 57A030901B23B2D300283800 /* Main.storyboard */; };
		57A030941B23B2D300283800 /* Images.xcassets in Resources */ = {isa = PBXBuildFile; fileRef = 57A030931B23B2D300283800 /* Images.xcassets */; };
		57A030971B23B2D300283800 /* LaunchScreen.xib in Resources */ = {isa = PBXBuildFile; fileRef = 57A030951B23B2D300283800 /* LaunchScreen.xib */; };
		57A030A31B23B2D300283800 /* DepthAlertTests.m in Sources */ = {isa = PBXBuildFile; fileRef = 57A030A21B23B2D300283800 /* DepthAlertTests.m */; };
/* End PBXBuildFile section */

/* Begin PBXContainerItemProxy section */
		57A0309D1B23B2D300283800 /* PBXContainerItemProxy */ = {
			isa = PBXContainerItemProxy;
			containerPortal = 57A0307B1B23B2D300283800 /* Project object */;
			proxyType = 1;
			remoteGlobalIDString = 57A030821B23B2D300283800;
			remoteInfo = DepthAlert;
		};
/* End PBXContainerItemProxy section */

/* Begin PBXFileReference section */
		57A030831B23B2D300283800 /* DepthAlert.app */ = {isa = PBXFileReference; explicitFileType = wrapper.application; includeInIndex = 0; path = DepthAlert.app; sourceTree = BUILT_PRODUCTS_DIR; };
		57A030871B23B2D300283800 /* Info.plist */ = {isa = PBXFileReference; lastKnownFileType = text.plist.xml; path = Info.plist; sourceTree = "<group>"; };
		57A030881B23B2D300283800 /* main.m */ = {isa = PBXFileReference; lastKnownFileType = sourcecode.c.objc; path = main.m; sourceTree = "<group>"; };
		57A0308A1B23B2D300283800 /* AppDelegate.h */ = {isa = PBXFileReference; lastKnownFileType = sourcecode.c.h; path = AppDelegate.h; sourceTree = "<group>"; };
		57A0308B1B23B2D300283800 /* AppDelegate.m */ = {isa = PBXFileReference; lastKnownFileType = sourcecode.c.objc; path = AppDelegate.m; sourceTree = "<group>"; };
		57A0308D1B23B2D300283800 /* ViewController.h */ = {isa = PBXFileReference; lastKnownFileType = sourcecode.c.h; path = ViewController.h; sourceTree = "<group>"; };
		57A0308E1B23B2D300283800 /* ViewController.m */ = {isa = PBXFileReference; lastKnownFileType = sourcecode.c.objc; path = ViewController.m; sourceTree = "<group>"; };
		57A030911B23B2D300283800 /* Base */ = {isa = PBXFileReference; lastKnownFileType = file.storyboard; name = Base; path = Base.lproj/Main.storyboard; sourceTree = "<group>"; };
		57A030931B23B2D300283800 /* Images.xcassets */ = {isa = PBXFileReference; lastKnownFileType = folder.assetcatalog; path = Images.xcassets; sourceTree = "<group>"; };
		57A030961B23B2D300283800 /* Base */ = {isa = PBXFileReference; lastKnownFileType = file.xib; name = Base; path = Base.lproj/LaunchScreen.xib; sourceTree = "<group>"; };
		57A0309C1B23B2D300283800 /* DepthAlertTests.xctest */ = {isa = PBXFileReference; explicitFileType = wrapper.cfbundle; includeInIndex = 0; path = DepthAlertTests.xctest; sourceTree = BUILT_PRODUCTS_DIR; };
		57A030A11B23B2D300283800 /* Info.plist */ = {isa = PBXFileReference; lastKnownFileType = text.plist.xml; path = Info.plist; sourceTree = "<group>"; };
		57A030A21B23B2D300283800 /* DepthAlertTests.m */ = {isa = PBXFileReference; lastKnownFileType = sourcecode.c.objc; path = DepthAlertTests.m; sourceTree = "<group>"; };
/* End PBXFileReference section */

/* Begin PBXFrameworksBuildPhase section */
		57A030801B23B2D300283800 /* Frameworks */ = {
			isa = PBXFrameworksBuildPhase;
			buildActionMask = 2147483647;
			files = (
			);
			runOnlyForDeploymentPostprocessing = 0;
		};
		57A030991B23B2D300283800 /* Frameworks */ = {
			isa = PBXFrameworksBuildPhase;
			buildActionMask = 2147483647;
			files = (
			);
			runOnlyForDeploymentPostprocessing = 0;
		};
/* End PBXFrameworksBuildPhase section */

/* Begin PBXGroup section */
		57A0307A1B23B2D300283800 = {
			isa = PBXGroup;
			children = (
				57A030851B23B2D300283800 /* DepthAlert */,
				57A0309F1B23B2D300283800 /* DepthAlertTests */,
				57A030841B23B2D300283800 /* Products */,
			);
			sourceTree = "<group>";
		};
		57A030841B23B2D300283800 /* Products */ = {
			isa = PBXGroup;
			children = (
				57A030831B23B2D300283800 /* DepthAlert.app */,
				57A0309C1B23B2D300283800 /* DepthAlertTests.xctest */,
			);
			name = Products;
			sourceTree = "<group>";
		};
		57A030851B23B2D300283800 /* DepthAlert */ = {
			isa = PBXGroup;
			children = (
				57A0308A1B23B2D300283800 /* AppDelegate.h */,
				57A0308B1B23B2D300283800 /* AppDelegate.m */,
				57A0308D1B23B2D300283800 /* ViewController.h */,
				57A0308E1B23B2D300283800 /* ViewController.m */,
				57A030901B23B2D300283800 /* Main.storyboard */,
				57A030931B23B2D300283800 /* Images.xcassets */,
				57A030951B23B2D300283800 /* LaunchScreen.xib */,
				57A030861B23B2D300283800 /* Supporting Files */,
			);
			path = DepthAlert;
			sourceTree = "<group>";
		};
		57A030861B23B2D300283800 /* Supporting Files */ = {
			isa = PBXGroup;
			children = (
				57A030871B23B2D300283800 /* Info.plist */,
				57A030881B23B2D300283800 /* main.m */,
			);
			name = "Supporting Files";
			sourceTree = "<group>";
		};
		57A0309F1B23B2D300283800 /* DepthAlertTests */ = {
			isa = PBXGroup;
			children = (
				57A030A21B23B2D300283800 /* DepthAlertTests.m */,
				57A030A01B23B2D300283800 /* Supporting Files */,
			);
			path = DepthAlertTests;
			sourceTree = "<group>";
		};
		57A030A01B23B2D300283800 /* Supporting Files */ = {
			isa = PBXGroup;
			children = (
				57A030A11B23B2D300283800 /* Info.plist */,
			);
			name = "Supporting Files";
			sourceTree = "<group>";
		};
/* End PBXGroup section */

/* Begin PBXNativeTarget section */
		57A030821B23B2D300283800 /* DepthAlert */ = {
			isa = PBXNativeTarget;
			buildConfigurationList = 57A030A61B23B2D400283800 /* Build configuration list for PBXNativeTarget "DepthAlert" */;
			buildPhases = (
				57A0307F1B23B2D300283800 /* Sources */,
				57A030801B23B2D300283800 /* Frameworks */,
				57A030811B23B2D300283800 /* Resources */,
			);
			buildRules = (
			);
			dependencies = (
			);
			name = DepthAlert;
			productName = DepthAlert;
			productReference = 57A030831B23B2D300283800 /* DepthAlert.app */;
			productType = "com.apple.product-type.application";
		};
		57A0309B1B23B2D300283800 /* DepthAlertTests */ = {
			isa = PBXNativeTarget;
			buildConfigurationList = 57A030A91B23B2D400283800 /* Build configuration list for PBXNativeTarget "DepthAlertTests" */;
			buildPhases = (
				57A030981B23B2D300283800 /* Sources */,
				57A030991B23B2D300283800 /* Frameworks */,
				57A0309A1B23B2D300283800 /* Resources */,
			);
			buildRules = (
			);
			dependencies = (
				57A0309E1B23B2D300283800 /* PBXTargetDependency */,
			);
			name = DepthAlertTests;
			productName = DepthAlertTests;
			productReference = 57A0309C1B23B2D300283800 /* DepthAlertTests.xctest */;
			productType = "com.apple.product-type.bundle.unit-test";
		};
/* End PBXNativeTarget section */

/* Begin PBXProject section */
		57A0307B1B23B2D300283800 /* Project object */ = {
			isa = PBXProject;
			attributes = {
				LastUpgradeCheck = 0630;
				ORGANIZATIONNAME = "Gregg Mojica";
				TargetAttributes = {
					57A030821B23B2D300283800 = {
						CreatedOnToolsVersion = 6.3.2;
					};
					57A0309B1B23B2D300283800 = {
						CreatedOnToolsVersion = 6.3.2;
						TestTargetID = 57A030821B23B2D300283800;
					};
				};
			};
			buildConfigurationList = 57A0307E1B23B2D300283800 /* Build configuration list for PBXProject "DepthAlert" */;
			compatibilityVersion = "Xcode 3.2";
			developmentRegion = English;
			hasScannedForEncodings = 0;
			knownRegions = (
				en,
				Base,
			);
			mainGroup = 57A0307A1B23B2D300283800;
			productRefGroup = 57A030841B23B2D300283800 /* Products */;
			projectDirPath = "";
			projectRoot = "";
			targets = (
				57A030821B23B2D300283800 /* DepthAlert */,
				57A0309B1B23B2D300283800 /* DepthAlertTests */,
			);
		};
/* End PBXProject section */

/* Begin PBXResourcesBuildPhase section */
		57A030811B23B2D300283800 /* Resources */ = {
			isa = PBXResourcesBuildPhase;
			buildActionMask = 2147483647;
			files = (
				57A030921B23B2D300283800 /* Main.storyboard in Resources */,
				57A030971B23B2D300283800 /* LaunchScreen.xib in Resources */,
				57A030941B23B2D300283800 /* Images.xcassets in Resources */,
			);
			runOnlyForDeploymentPostprocessing = 0;
		};
		57A0309A1B23B2D300283800 /* Resources */ = {
			isa = PBXResourcesBuildPhase;
			buildActionMask = 2147483647;
			files = (
			);
			runOnlyForDeploymentPostprocessing = 0;
		};
/* End PBXResourcesBuildPhase section */

/* Begin PBXSourcesBuildPhase section */
		57A0307F1B23B2D300283800 /* Sources */ = {
			isa = PBXSourcesBuildPhase;
			buildActionMask = 2147483647;
			files = (
				57A0308F1B23B2D300283800 /* ViewController.m in Sources */,
				57A0308C1B23B2D300283800 /* AppDelegate.m in Sources */,
				57A030891B23B2D300283800 /* main.m in Sources */,
			);
			runOnlyForDeploymentPostprocessing = 0;
		};
		57A030981B23B2D300283800 /* Sources */ = {
			isa = PBXSourcesBuildPhase;
			buildActionMask = 2147483647;
			files = (
				57A030A31B23B2D300283800 /* DepthAlertTests.m in Sources */,
			);
			runOnlyForDeploymentPostprocessing = 0;
		};
/* End PBXSourcesBuildPhase section */

/* Begin PBXTargetDependency section */
		57A0309E1B23B2D300283800 /* PBXTargetDependency */ = {
			isa = PBXTargetDependency;
			target = 57A030821B23B2D300283800 /* DepthAlert */;
			targetProxy = 57A0309D1B23B2D300283800 /* PBXContainerItemProxy */;
		};
/* End PBXTargetDependency section */

/* Begin PBXVariantGroup section */
		57A030901B23B2D300283800 /* Main.storyboard */ = {
			isa = PBXVariantGroup;
			children = (
				57A030911B23B2D300283800 /* Base */,
			);
			name = Main.storyboard;
			sourceTree = "<group>";
		};
		57A030951B23B2D300283800 /* LaunchScreen.xib */ = {
			isa = PBXVariantGroup;
			children = (
				57A030961B23B2D300283800 /* Base */,
			);
			name = LaunchScreen.xib;
			sourceTree = "<group>";
		};
/* End PBXVariantGroup section */

/* Begin XCBuildConfiguration section */
		57A030A41B23B2D400283800 /* Debug */ = {
			isa = XCBuildConfiguration;
			buildSettings = {
				ALWAYS_SEARCH_USER_PATHS = NO;
				CLANG_CXX_LANGUAGE_STANDARD = "gnu++0x";
				CLANG_CXX_LIBRARY = "libc++";
				CLANG_ENABLE_MODULES = YES;
				CLANG_ENABLE_OBJC_ARC = YES;
				CLANG_WARN_BOOL_CONVERSION = YES;
				CLANG_WARN_CONSTANT_CONVERSION = YES;
				CLANG_WARN_DIRECT_OBJC_ISA_USAGE = YES_ERROR;
				CLANG_WARN_EMPTY_BODY = YES;
				CLANG_WARN_ENUM_CONVERSION = YES;
				CLANG_WARN_INT_CONVERSION = YES;
				CLANG_WARN_OBJC_ROOT_CLASS = YES_ERROR;
				CLANG_WARN_UNREACHABLE_CODE = YES;
				CLANG_WARN__DUPLICATE_METHOD_MATCH = YES;
				"CODE_SIGN_IDENTITY[sdk=iphoneos*]" = "iPhone Developer";
				COPY_PHASE_STRIP = NO;
				DEBUG_INFORMATION_FORMAT = "dwarf-with-dsym";
				ENABLE_STRICT_OBJC_MSGSEND = YES;
				GCC_C_LANGUAGE_STANDARD = gnu99;
				GCC_DYNAMIC_NO_PIC = NO;
				GCC_NO_COMMON_BLOCKS = YES;
				GCC_OPTIMIZATION_LEVEL = 0;
				GCC_PREPROCESSOR_DEFINITIONS = (
					"DEBUG=1",
					"$(inherited)",
				);
				GCC_SYMBOLS_PRIVATE_EXTERN = NO;
				GCC_WARN_64_TO_32_BIT_CONVERSION = YES;
				GCC_WARN_ABOUT_RETURN_TYPE = YES_ERROR;
				GCC_WARN_UNDECLARED_SELECTOR = YES;
				GCC_WARN_UNINITIALIZED_AUTOS = YES_AGGRESSIVE;
				GCC_WARN_UNUSED_FUNCTION = YES;
				GCC_WARN_UNUSED_VARIABLE = YES;
				IPHONEOS_DEPLOYMENT_TARGET = 8.3;
				MTL_ENABLE_DEBUG_INFO = YES;
				ONLY_ACTIVE_ARCH = YES;
				SDKROOT = iphoneos;
			};
			name = Debug;
		};
		57A030A51B23B2D400283800 /* Release */ = {
			isa = XCBuildConfiguration;
			buildSettings = {
				ALWAYS_SEARCH_USER_PATHS = NO;
				CLANG_CXX_LANGUAGE_STANDARD = "gnu++0x";
				CLANG_CXX_LIBRARY = "libc++";
				CLANG_ENABLE_MODULES = YES;
				CLANG_ENABLE_OBJC_ARC = YES;
				CLANG_WARN_BOOL_CONVERSION = YES;
				CLANG_WARN_CONSTANT_CONVERSION = YES;
				CLANG_WARN_DIRECT_OBJC_ISA_USAGE = YES_ERROR;
				CLANG_WARN_EMPTY_BODY = YES;
				CLANG_WARN_ENUM_CONVERSION = YES;
				CLANG_WARN_INT_CONVERSION = YES;
				CLANG_WARN_OBJC_ROOT_CLASS = YES_ERROR;
				CLANG_WARN_UNREACHABLE_CODE = YES;
				CLANG_WARN__DUPLICATE_METHOD_MATCH = YES;
				"CODE_SIGN_IDENTITY[sdk=iphoneos*]" = "iPhone Developer";
				COPY_PHASE_STRIP = NO;
				DEBUG_INFORMATION_FORMAT = "dwarf-with-dsym";
				ENABLE_NS_ASSERTIONS = NO;
				ENABLE_STRICT_OBJC_MSGSEND = YES;
				GCC_C_LANGUAGE_STANDARD = gnu99;
				GCC_NO_COMMON_BLOCKS = YES;
				GCC_WARN_64_TO_32_BIT_CONVERSION = YES;
				GCC_WARN_ABOUT_RETURN_TYPE = YES_ERROR;
				GCC_WARN_UNDECLARED_SELECTOR = YES;
				GCC_WARN_UNINITIALIZED_AUTOS = YES_AGGRESSIVE;
				GCC_WARN_UNUSED_FUNCTION = YES;
				GCC_WARN_UNUSED_VARIABLE = YES;
				IPHONEOS_DEPLOYMENT_TARGET = 8.3;
				MTL_ENABLE_DEBUG_INFO = NO;
				SDKROOT = iphoneos;
				VALIDATE_PRODUCT = YES;
			};
			name = Release;
		};
		57A030A71B23B2D400283800 /* Debug */ = {
			isa = XCBuildConfiguration;
			buildSettings = {
				ASSETCATALOG_COMPILER_APPICON_NAME = AppIcon;
				INFOPLIST_FILE = DepthAlert/Info.plist;
				LD_RUNPATH_SEARCH_PATHS = "$(inherited) @executable_path/Frameworks";
				PRODUCT_NAME = "$(TARGET_NAME)";
			};
			name = Debug;
		};
		57A030A81B23B2D400283800 /* Release */ = {
			isa = XCBuildConfiguration;
			buildSettings = {
				ASSETCATALOG_COMPILER_APPICON_NAME = AppIcon;
				INFOPLIST_FILE = DepthAlert/Info.plist;
				LD_RUNPATH_SEARCH_PATHS = "$(inherited) @executable_path/Frameworks";
				PRODUCT_NAME = "$(TARGET_NAME)";
			};
			name = Release;
		};
		57A030AA1B23B2D400283800 /* Debug */ = {
			isa = XCBuildConfiguration;
			buildSettings = {
				BUNDLE_LOADER = "$(TEST_HOST)";
				FRAMEWORK_SEARCH_PATHS = (
					"$(SDKROOT)/Developer/Library/Frameworks",
					"$(inherited)",
				);
				GCC_PREPROCESSOR_DEFINITIONS = (
					"DEBUG=1",
					"$(inherited)",
				);
				INFOPLIST_FILE = DepthAlertTests/Info.plist;
				LD_RUNPATH_SEARCH_PATHS = "$(inherited) @executable_path/Frameworks @loader_path/Frameworks";
				PRODUCT_NAME = "$(TARGET_NAME)";
				TEST_HOST = "$(BUILT_PRODUCTS_DIR)/DepthAlert.app/DepthAlert";
			};
			name = Debug;
		};
		57A030AB1B23B2D400283800 /* Release */ = {
			isa = XCBuildConfiguration;
			buildSettings = {
				BUNDLE_LOADER = "$(TEST_HOST)";
				FRAMEWORK_SEARCH_PATHS = (
					"$(SDKROOT)/Developer/Library/Frameworks",
					"$(inherited)",
				);
				INFOPLIST_FILE = DepthAlertTests/Info.plist;
				LD_RUNPATH_SEARCH_PATHS = "$(inherited) @executable_path/Frameworks @loader_path/Frameworks";
				PRODUCT_NAME = "$(TARGET_NAME)";
				TEST_HOST = "$(BUILT_PRODUCTS_DIR)/DepthAlert.app/DepthAlert";
			};
			name = Release;
		};
/* End XCBuildConfiguration section */

/* Begin XCConfigurationList section */
		57A0307E1B23B2D300283800 /* Build configuration list for PBXProject "DepthAlert" */ = {
			isa = XCConfigurationList;
			buildConfigurations = (
				57A030A41B23B2D400283800 /* Debug */,
				57A030A51B23B2D400283800 /* Release */,
			);
			defaultConfigurationIsVisible = 0;
			defaultConfigurationName = Release;
		};
		57A030A61B23B2D400283800 /* Build configuration list for PBXNativeTarget "DepthAlert" */ = {
			isa = XCConfigurationList;
			buildConfigurations = (
				57A030A71B23B2D400283800 /* Debug */,
				57A030A81B23B2D400283800 /* Release */,
			);
			defaultConfigurationIsVisible = 0;
		};
		57A030A91B23B2D400283800 /* Build configuration list for PBXNativeTarget "DepthAlertTests" */ = {
			isa = XCConfigurationList;
			buildConfigurations = (
				57A030AA1B23B2D400283800 /* Debug */,
				57A030AB1B23B2D400283800 /* Release */,
			);
			defaultConfigurationIsVisible = 0;
		};
/* End XCConfigurationList section */
	};
	rootObject = 57A0307B1B23B2D300283800 /* Project object */;
}
